// !$*UTF8*$!
{
	archiveVersion = 1;
	classes = {
	};
	objectVersion = 46;
	objects = {

/* Begin PBXBuildFile section */
		041104291F48A26600887DFF /* QuestionCollectionViewCell.swift in Sources */ = {isa = PBXBuildFile; fileRef = 041104281F48A26600887DFF /* QuestionCollectionViewCell.swift */; };
		0411044A1F4DC6A000887DFF /* QuestionTableViewCell.swift in Sources */ = {isa = PBXBuildFile; fileRef = 041104481F4DC6A000887DFF /* QuestionTableViewCell.swift */; };
		0411044D1F4DE3A400887DFF /* AnswersTableViewCell.swift in Sources */ = {isa = PBXBuildFile; fileRef = 0411044C1F4DE3A400887DFF /* AnswersTableViewCell.swift */; };
		042CB6D41F26384A00DCAA67 /* AppDelegate.swift in Sources */ = {isa = PBXBuildFile; fileRef = 042CB6D31F26384A00DCAA67 /* AppDelegate.swift */; };
		042CB6D91F26384A00DCAA67 /* Main.storyboard in Resources */ = {isa = PBXBuildFile; fileRef = 042CB6D71F26384A00DCAA67 /* Main.storyboard */; };
		042CB6DB1F26384A00DCAA67 /* Assets.xcassets in Resources */ = {isa = PBXBuildFile; fileRef = 042CB6DA1F26384A00DCAA67 /* Assets.xcassets */; };
		042CB6DE1F26384A00DCAA67 /* LaunchScreen.storyboard in Resources */ = {isa = PBXBuildFile; fileRef = 042CB6DC1F26384A00DCAA67 /* LaunchScreen.storyboard */; };
		042CB6EA1F263AD500DCAA67 /* SWRevealViewController.m in Sources */ = {isa = PBXBuildFile; fileRef = 042CB6E91F263AD500DCAA67 /* SWRevealViewController.m */; };
		042CB6ED1F263E0500DCAA67 /* MenuBarViewController.swift in Sources */ = {isa = PBXBuildFile; fileRef = 042CB6EC1F263E0500DCAA67 /* MenuBarViewController.swift */; };
		042CB6EF1F263FE200DCAA67 /* SWRevealCustomViewController.swift in Sources */ = {isa = PBXBuildFile; fileRef = 042CB6EE1F263FE200DCAA67 /* SWRevealCustomViewController.swift */; };
		042CB6F31F26499C00DCAA67 /* HocLuatTableViewController.swift in Sources */ = {isa = PBXBuildFile; fileRef = 042CB6F21F26499C00DCAA67 /* HocLuatTableViewController.swift */; };
		042CB6F51F277E5E00DCAA67 /* QuestionViewController.swift in Sources */ = {isa = PBXBuildFile; fileRef = 042CB6F41F277E5E00DCAA67 /* QuestionViewController.swift */; };
		042CB6FE1F2A1D4400DCAA67 /* HocLuatTableViewCell.swift in Sources */ = {isa = PBXBuildFile; fileRef = 042CB6FC1F2A1D4400DCAA67 /* HocLuatTableViewCell.swift */; };
		042EAF3F1F68178A009187E8 /* LamBaiViewController.swift in Sources */ = {isa = PBXBuildFile; fileRef = 042EAF3E1F68178A009187E8 /* LamBaiViewController.swift */; };
		042EAF411F702207009187E8 /* ThiThuViewController.swift in Sources */ = {isa = PBXBuildFile; fileRef = 042EAF401F702207009187E8 /* ThiThuViewController.swift */; };
		04405D9B21A5A78B0058A80F /* ListQuestionsViewController.swift in Sources */ = {isa = PBXBuildFile; fileRef = 04405D9A21A5A78B0058A80F /* ListQuestionsViewController.swift */; };
		0498CF091F2CCB1D00A51A17 /* QuestionModel.swift in Sources */ = {isa = PBXBuildFile; fileRef = 0498CF081F2CCB1D00A51A17 /* QuestionModel.swift */; };
		0498CF171F2E1E5400A51A17 /* FMDatabase.m in Sources */ = {isa = PBXBuildFile; fileRef = 0498CF0C1F2E1E5400A51A17 /* FMDatabase.m */; settings = {COMPILER_FLAGS = "-fno-objc-arc"; }; };
		0498CF181F2E1E5400A51A17 /* FMDatabaseAdditions.m in Sources */ = {isa = PBXBuildFile; fileRef = 0498CF0E1F2E1E5400A51A17 /* FMDatabaseAdditions.m */; settings = {COMPILER_FLAGS = "-fno-objc-arc"; }; };
		0498CF191F2E1E5400A51A17 /* FMDatabasePool.m in Sources */ = {isa = PBXBuildFile; fileRef = 0498CF101F2E1E5400A51A17 /* FMDatabasePool.m */; };
		0498CF1A1F2E1E5400A51A17 /* FMDatabaseQueue.m in Sources */ = {isa = PBXBuildFile; fileRef = 0498CF121F2E1E5400A51A17 /* FMDatabaseQueue.m */; };
		0498CF1B1F2E1E5400A51A17 /* FMResultSet.m in Sources */ = {isa = PBXBuildFile; fileRef = 0498CF151F2E1E5400A51A17 /* FMResultSet.m */; settings = {COMPILER_FLAGS = "-fno-objc-arc"; }; };
		0498CF1C1F2E1E5400A51A17 /* Info.plist in Resources */ = {isa = PBXBuildFile; fileRef = 0498CF161F2E1E5400A51A17 /* Info.plist */; };
		0498CF1E1F2E1ED500A51A17 /* DatabaseService.swift in Sources */ = {isa = PBXBuildFile; fileRef = 0498CF1D1F2E1ED500A51A17 /* DatabaseService.swift */; };
		0498CF211F2E1F3C00A51A17 /* Util.swift in Sources */ = {isa = PBXBuildFile; fileRef = 0498CF201F2E1F3C00A51A17 /* Util.swift */; };
		0498CF241F2F731400A51A17 /* libsqlite3.0.tbd in Frameworks */ = {isa = PBXBuildFile; fileRef = 0498CF231F2F731400A51A17 /* libsqlite3.0.tbd */; };
		0498CF261F2F740500A51A17 /* AVFoundation.framework in Frameworks */ = {isa = PBXBuildFile; fileRef = 0498CF251F2F740500A51A17 /* AVFoundation.framework */; };
		0498CF281F2F740B00A51A17 /* AVKit.framework in Frameworks */ = {isa = PBXBuildFile; fileRef = 0498CF271F2F740B00A51A17 /* AVKit.framework */; };
		0498CF2C1F30D8E000A51A17 /* CategoryModel.swift in Sources */ = {isa = PBXBuildFile; fileRef = 0498CF2B1F30D8E000A51A17 /* CategoryModel.swift */; };
		04DDFAA91F5B90E10002FD38 /* hocluatgiaothong4.sqlite in Resources */ = {isa = PBXBuildFile; fileRef = 04DDFAA81F5B90E10002FD38 /* hocluatgiaothong4.sqlite */; };
/* End PBXBuildFile section */

/* Begin PBXFileReference section */
		041104281F48A26600887DFF /* QuestionCollectionViewCell.swift */ = {isa = PBXFileReference; fileEncoding = 4; lastKnownFileType = sourcecode.swift; path = QuestionCollectionViewCell.swift; sourceTree = "<group>"; };
		041104481F4DC6A000887DFF /* QuestionTableViewCell.swift */ = {isa = PBXFileReference; fileEncoding = 4; lastKnownFileType = sourcecode.swift; path = QuestionTableViewCell.swift; sourceTree = "<group>"; };
		0411044C1F4DE3A400887DFF /* AnswersTableViewCell.swift */ = {isa = PBXFileReference; fileEncoding = 4; lastKnownFileType = sourcecode.swift; path = AnswersTableViewCell.swift; sourceTree = "<group>"; };
		042CB6D01F26384A00DCAA67 /* HLGT.app */ = {isa = PBXFileReference; explicitFileType = wrapper.application; includeInIndex = 0; path = HLGT.app; sourceTree = BUILT_PRODUCTS_DIR; };
		042CB6D31F26384A00DCAA67 /* AppDelegate.swift */ = {isa = PBXFileReference; lastKnownFileType = sourcecode.swift; path = AppDelegate.swift; sourceTree = "<group>"; };
		042CB6D81F26384A00DCAA67 /* Base */ = {isa = PBXFileReference; lastKnownFileType = file.storyboard; name = Base; path = Base.lproj/Main.storyboard; sourceTree = "<group>"; };
		042CB6DA1F26384A00DCAA67 /* Assets.xcassets */ = {isa = PBXFileReference; lastKnownFileType = folder.assetcatalog; path = Assets.xcassets; sourceTree = "<group>"; };
		042CB6DD1F26384A00DCAA67 /* Base */ = {isa = PBXFileReference; lastKnownFileType = file.storyboard; name = Base; path = Base.lproj/LaunchScreen.storyboard; sourceTree = "<group>"; };
		042CB6DF1F26384A00DCAA67 /* Info.plist */ = {isa = PBXFileReference; lastKnownFileType = text.plist.xml; path = Info.plist; sourceTree = "<group>"; };
		042CB6E71F263AD500DCAA67 /* HLGT-Bridging-Header.h */ = {isa = PBXFileReference; lastKnownFileType = sourcecode.c.h; path = "HLGT-Bridging-Header.h"; sourceTree = "<group>"; };
		042CB6E81F263AD500DCAA67 /* SWRevealViewController.h */ = {isa = PBXFileReference; fileEncoding = 4; lastKnownFileType = sourcecode.c.h; path = SWRevealViewController.h; sourceTree = "<group>"; };
		042CB6E91F263AD500DCAA67 /* SWRevealViewController.m */ = {isa = PBXFileReference; fileEncoding = 4; lastKnownFileType = sourcecode.c.objc; path = SWRevealViewController.m; sourceTree = "<group>"; };
		042CB6EC1F263E0500DCAA67 /* MenuBarViewController.swift */ = {isa = PBXFileReference; fileEncoding = 4; lastKnownFileType = sourcecode.swift; path = MenuBarViewController.swift; sourceTree = "<group>"; };
		042CB6EE1F263FE200DCAA67 /* SWRevealCustomViewController.swift */ = {isa = PBXFileReference; fileEncoding = 4; lastKnownFileType = sourcecode.swift; path = SWRevealCustomViewController.swift; sourceTree = "<group>"; };
		042CB6F21F26499C00DCAA67 /* HocLuatTableViewController.swift */ = {isa = PBXFileReference; fileEncoding = 4; lastKnownFileType = sourcecode.swift; path = HocLuatTableViewController.swift; sourceTree = "<group>"; };
		042CB6F41F277E5E00DCAA67 /* QuestionViewController.swift */ = {isa = PBXFileReference; fileEncoding = 4; lastKnownFileType = sourcecode.swift; path = QuestionViewController.swift; sourceTree = "<group>"; };
		042CB6FC1F2A1D4400DCAA67 /* HocLuatTableViewCell.swift */ = {isa = PBXFileReference; fileEncoding = 4; lastKnownFileType = sourcecode.swift; path = HocLuatTableViewCell.swift; sourceTree = "<group>"; };
		042EAF3E1F68178A009187E8 /* LamBaiViewController.swift */ = {isa = PBXFileReference; fileEncoding = 4; lastKnownFileType = sourcecode.swift; path = LamBaiViewController.swift; sourceTree = "<group>"; };
		042EAF401F702207009187E8 /* ThiThuViewController.swift */ = {isa = PBXFileReference; fileEncoding = 4; lastKnownFileType = sourcecode.swift; path = ThiThuViewController.swift; sourceTree = "<group>"; };
		04405D9A21A5A78B0058A80F /* ListQuestionsViewController.swift */ = {isa = PBXFileReference; lastKnownFileType = sourcecode.swift; path = ListQuestionsViewController.swift; sourceTree = "<group>"; };
		0498CF081F2CCB1D00A51A17 /* QuestionModel.swift */ = {isa = PBXFileReference; fileEncoding = 4; lastKnownFileType = sourcecode.swift; path = QuestionModel.swift; sourceTree = "<group>"; };
		0498CF0B1F2E1E5400A51A17 /* FMDatabase.h */ = {isa = PBXFileReference; fileEncoding = 4; lastKnownFileType = sourcecode.c.h; path = FMDatabase.h; sourceTree = "<group>"; };
		0498CF0C1F2E1E5400A51A17 /* FMDatabase.m */ = {isa = PBXFileReference; fileEncoding = 4; lastKnownFileType = sourcecode.c.objc; path = FMDatabase.m; sourceTree = "<group>"; };
		0498CF0D1F2E1E5400A51A17 /* FMDatabaseAdditions.h */ = {isa = PBXFileReference; fileEncoding = 4; lastKnownFileType = sourcecode.c.h; path = FMDatabaseAdditions.h; sourceTree = "<group>"; };
		0498CF0E1F2E1E5400A51A17 /* FMDatabaseAdditions.m */ = {isa = PBXFileReference; fileEncoding = 4; lastKnownFileType = sourcecode.c.objc; path = FMDatabaseAdditions.m; sourceTree = "<group>"; };
		0498CF0F1F2E1E5400A51A17 /* FMDatabasePool.h */ = {isa = PBXFileReference; fileEncoding = 4; lastKnownFileType = sourcecode.c.h; path = FMDatabasePool.h; sourceTree = "<group>"; };
		0498CF101F2E1E5400A51A17 /* FMDatabasePool.m */ = {isa = PBXFileReference; fileEncoding = 4; lastKnownFileType = sourcecode.c.objc; path = FMDatabasePool.m; sourceTree = "<group>"; };
		0498CF111F2E1E5400A51A17 /* FMDatabaseQueue.h */ = {isa = PBXFileReference; fileEncoding = 4; lastKnownFileType = sourcecode.c.h; path = FMDatabaseQueue.h; sourceTree = "<group>"; };
		0498CF121F2E1E5400A51A17 /* FMDatabaseQueue.m */ = {isa = PBXFileReference; fileEncoding = 4; lastKnownFileType = sourcecode.c.objc; path = FMDatabaseQueue.m; sourceTree = "<group>"; };
		0498CF131F2E1E5400A51A17 /* FMDB.h */ = {isa = PBXFileReference; fileEncoding = 4; lastKnownFileType = sourcecode.c.h; path = FMDB.h; sourceTree = "<group>"; };
		0498CF141F2E1E5400A51A17 /* FMResultSet.h */ = {isa = PBXFileReference; fileEncoding = 4; lastKnownFileType = sourcecode.c.h; path = FMResultSet.h; sourceTree = "<group>"; };
		0498CF151F2E1E5400A51A17 /* FMResultSet.m */ = {isa = PBXFileReference; fileEncoding = 4; lastKnownFileType = sourcecode.c.objc; path = FMResultSet.m; sourceTree = "<group>"; };
		0498CF161F2E1E5400A51A17 /* Info.plist */ = {isa = PBXFileReference; fileEncoding = 4; lastKnownFileType = text.plist.xml; path = Info.plist; sourceTree = "<group>"; };
		0498CF1D1F2E1ED500A51A17 /* DatabaseService.swift */ = {isa = PBXFileReference; fileEncoding = 4; lastKnownFileType = sourcecode.swift; path = DatabaseService.swift; sourceTree = "<group>"; };
		0498CF201F2E1F3C00A51A17 /* Util.swift */ = {isa = PBXFileReference; fileEncoding = 4; lastKnownFileType = sourcecode.swift; path = Util.swift; sourceTree = "<group>"; };
		0498CF231F2F731400A51A17 /* libsqlite3.0.tbd */ = {isa = PBXFileReference; lastKnownFileType = "sourcecode.text-based-dylib-definition"; name = libsqlite3.0.tbd; path = usr/lib/libsqlite3.0.tbd; sourceTree = SDKROOT; };
		0498CF251F2F740500A51A17 /* AVFoundation.framework */ = {isa = PBXFileReference; lastKnownFileType = wrapper.framework; name = AVFoundation.framework; path = System/Library/Frameworks/AVFoundation.framework; sourceTree = SDKROOT; };
		0498CF271F2F740B00A51A17 /* AVKit.framework */ = {isa = PBXFileReference; lastKnownFileType = wrapper.framework; name = AVKit.framework; path = System/Library/Frameworks/AVKit.framework; sourceTree = SDKROOT; };
		0498CF2B1F30D8E000A51A17 /* CategoryModel.swift */ = {isa = PBXFileReference; fileEncoding = 4; lastKnownFileType = sourcecode.swift; path = CategoryModel.swift; sourceTree = "<group>"; };
		04DDFAA81F5B90E10002FD38 /* hocluatgiaothong4.sqlite */ = {isa = PBXFileReference; lastKnownFileType = file; path = hocluatgiaothong4.sqlite; sourceTree = "<group>"; };
/* End PBXFileReference section */

/* Begin PBXFrameworksBuildPhase section */
		042CB6CD1F26384A00DCAA67 /* Frameworks */ = {
			isa = PBXFrameworksBuildPhase;
			buildActionMask = 2147483647;
			files = (
				0498CF281F2F740B00A51A17 /* AVKit.framework in Frameworks */,
				0498CF261F2F740500A51A17 /* AVFoundation.framework in Frameworks */,
				0498CF241F2F731400A51A17 /* libsqlite3.0.tbd in Frameworks */,
			);
			runOnlyForDeploymentPostprocessing = 0;
		};
/* End PBXFrameworksBuildPhase section */

/* Begin PBXGroup section */
		042CB6C71F26384A00DCAA67 = {
			isa = PBXGroup;
			children = (
				04DDFAA81F5B90E10002FD38 /* hocluatgiaothong4.sqlite */,
				042CB6D21F26384A00DCAA67 /* HLGT */,
				042CB6D11F26384A00DCAA67 /* Products */,
				0498CF221F2F731400A51A17 /* Frameworks */,
			);
			sourceTree = "<group>";
		};
		042CB6D11F26384A00DCAA67 /* Products */ = {
			isa = PBXGroup;
			children = (
				042CB6D01F26384A00DCAA67 /* HLGT.app */,
			);
			name = Products;
			sourceTree = "<group>";
		};
		042CB6D21F26384A00DCAA67 /* HLGT */ = {
			isa = PBXGroup;
			children = (
				0498CF1F1F2E1F1500A51A17 /* Utility */,
				0498CF0A1F2E1E5400A51A17 /* fmdb */,
				0498CF071F2CCB0A00A51A17 /* Models */,
				042CB6EB1F263DD500DCAA67 /* ViewControllers */,
				042CB6E61F263A9400DCAA67 /* Bridge */,
				042CB6E51F26386B00DCAA67 /* Supporting Files */,
				042CB6D71F26384A00DCAA67 /* Main.storyboard */,
			);
			path = HLGT;
			sourceTree = "<group>";
		};
		042CB6E51F26386B00DCAA67 /* Supporting Files */ = {
			isa = PBXGroup;
			children = (
				042CB6D31F26384A00DCAA67 /* AppDelegate.swift */,
				042CB6DA1F26384A00DCAA67 /* Assets.xcassets */,
				042CB6DC1F26384A00DCAA67 /* LaunchScreen.storyboard */,
				042CB6DF1F26384A00DCAA67 /* Info.plist */,
			);
			name = "Supporting Files";
			sourceTree = "<group>";
		};
		042CB6E61F263A9400DCAA67 /* Bridge */ = {
			isa = PBXGroup;
			children = (
				042CB6E81F263AD500DCAA67 /* SWRevealViewController.h */,
				042CB6E91F263AD500DCAA67 /* SWRevealViewController.m */,
				042CB6E71F263AD500DCAA67 /* HLGT-Bridging-Header.h */,
			);
			name = Bridge;
			sourceTree = "<group>";
		};
		042CB6EB1F263DD500DCAA67 /* ViewControllers */ = {
			isa = PBXGroup;
			children = (
				042CB6EC1F263E0500DCAA67 /* MenuBarViewController.swift */,
				042CB6EE1F263FE200DCAA67 /* SWRevealCustomViewController.swift */,
				042CB6F21F26499C00DCAA67 /* HocLuatTableViewController.swift */,
				042CB6F41F277E5E00DCAA67 /* QuestionViewController.swift */,
				042CB6FC1F2A1D4400DCAA67 /* HocLuatTableViewCell.swift */,
				041104281F48A26600887DFF /* QuestionCollectionViewCell.swift */,
				041104481F4DC6A000887DFF /* QuestionTableViewCell.swift */,
				0411044C1F4DE3A400887DFF /* AnswersTableViewCell.swift */,
				042EAF3E1F68178A009187E8 /* LamBaiViewController.swift */,
				042EAF401F702207009187E8 /* ThiThuViewController.swift */,
				04405D9A21A5A78B0058A80F /* ListQuestionsViewController.swift */,
			);
			name = ViewControllers;
			sourceTree = "<group>";
		};
		0498CF071F2CCB0A00A51A17 /* Models */ = {
			isa = PBXGroup;
			children = (
				0498CF081F2CCB1D00A51A17 /* QuestionModel.swift */,
				0498CF1D1F2E1ED500A51A17 /* DatabaseService.swift */,
				0498CF2B1F30D8E000A51A17 /* CategoryModel.swift */,
			);
			name = Models;
			sourceTree = "<group>";
		};
		0498CF0A1F2E1E5400A51A17 /* fmdb */ = {
			isa = PBXGroup;
			children = (
				0498CF0B1F2E1E5400A51A17 /* FMDatabase.h */,
				0498CF0C1F2E1E5400A51A17 /* FMDatabase.m */,
				0498CF0D1F2E1E5400A51A17 /* FMDatabaseAdditions.h */,
				0498CF0E1F2E1E5400A51A17 /* FMDatabaseAdditions.m */,
				0498CF0F1F2E1E5400A51A17 /* FMDatabasePool.h */,
				0498CF101F2E1E5400A51A17 /* FMDatabasePool.m */,
				0498CF111F2E1E5400A51A17 /* FMDatabaseQueue.h */,
				0498CF121F2E1E5400A51A17 /* FMDatabaseQueue.m */,
				0498CF131F2E1E5400A51A17 /* FMDB.h */,
				0498CF141F2E1E5400A51A17 /* FMResultSet.h */,
				0498CF151F2E1E5400A51A17 /* FMResultSet.m */,
				0498CF161F2E1E5400A51A17 /* Info.plist */,
			);
			path = fmdb;
			sourceTree = "<group>";
		};
		0498CF1F1F2E1F1500A51A17 /* Utility */ = {
			isa = PBXGroup;
			children = (
				0498CF201F2E1F3C00A51A17 /* Util.swift */,
			);
			name = Utility;
			sourceTree = "<group>";
		};
		0498CF221F2F731400A51A17 /* Frameworks */ = {
			isa = PBXGroup;
			children = (
				0498CF271F2F740B00A51A17 /* AVKit.framework */,
				0498CF251F2F740500A51A17 /* AVFoundation.framework */,
				0498CF231F2F731400A51A17 /* libsqlite3.0.tbd */,
			);
			name = Frameworks;
			sourceTree = "<group>";
		};
/* End PBXGroup section */

/* Begin PBXNativeTarget section */
		042CB6CF1F26384A00DCAA67 /* HLGT */ = {
			isa = PBXNativeTarget;
			buildConfigurationList = 042CB6E21F26384A00DCAA67 /* Build configuration list for PBXNativeTarget "HLGT" */;
			buildPhases = (
				042CB6CC1F26384A00DCAA67 /* Sources */,
				042CB6CD1F26384A00DCAA67 /* Frameworks */,
				042CB6CE1F26384A00DCAA67 /* Resources */,
			);
			buildRules = (
			);
			dependencies = (
			);
			name = HLGT;
			productName = HLGT;
			productReference = 042CB6D01F26384A00DCAA67 /* HLGT.app */;
			productType = "com.apple.product-type.application";
		};
/* End PBXNativeTarget section */

/* Begin PBXProject section */
		042CB6C81F26384A00DCAA67 /* Project object */ = {
			isa = PBXProject;
			attributes = {
				LastSwiftUpdateCheck = 0830;
				LastUpgradeCheck = 1010;
				ORGANIZATIONNAME = MAC;
				TargetAttributes = {
					042CB6CF1F26384A00DCAA67 = {
						CreatedOnToolsVersion = 8.3.2;
						LastSwiftMigration = 1010;
						ProvisioningStyle = Automatic;
					};
				};
			};
			buildConfigurationList = 042CB6CB1F26384A00DCAA67 /* Build configuration list for PBXProject "HLGT" */;
			compatibilityVersion = "Xcode 3.2";
			developmentRegion = English;
			hasScannedForEncodings = 0;
			knownRegions = (
				en,
				Base,
			);
			mainGroup = 042CB6C71F26384A00DCAA67;
			productRefGroup = 042CB6D11F26384A00DCAA67 /* Products */;
			projectDirPath = "";
			projectRoot = "";
			targets = (
				042CB6CF1F26384A00DCAA67 /* HLGT */,
			);
		};
/* End PBXProject section */

/* Begin PBXResourcesBuildPhase section */
		042CB6CE1F26384A00DCAA67 /* Resources */ = {
			isa = PBXResourcesBuildPhase;
			buildActionMask = 2147483647;
			files = (
				0498CF1C1F2E1E5400A51A17 /* Info.plist in Resources */,
				042CB6DE1F26384A00DCAA67 /* LaunchScreen.storyboard in Resources */,
				042CB6DB1F26384A00DCAA67 /* Assets.xcassets in Resources */,
				04DDFAA91F5B90E10002FD38 /* hocluatgiaothong4.sqlite in Resources */,
				042CB6D91F26384A00DCAA67 /* Main.storyboard in Resources */,
			);
			runOnlyForDeploymentPostprocessing = 0;
		};
/* End PBXResourcesBuildPhase section */

/* Begin PBXSourcesBuildPhase section */
		042CB6CC1F26384A00DCAA67 /* Sources */ = {
			isa = PBXSourcesBuildPhase;
			buildActionMask = 2147483647;
			files = (
				041104291F48A26600887DFF /* QuestionCollectionViewCell.swift in Sources */,
				0411044D1F4DE3A400887DFF /* AnswersTableViewCell.swift in Sources */,
				042CB6F31F26499C00DCAA67 /* HocLuatTableViewController.swift in Sources */,
				0498CF191F2E1E5400A51A17 /* FMDatabasePool.m in Sources */,
				04405D9B21A5A78B0058A80F /* ListQuestionsViewController.swift in Sources */,
				0498CF1B1F2E1E5400A51A17 /* FMResultSet.m in Sources */,
				0498CF211F2E1F3C00A51A17 /* Util.swift in Sources */,
				042EAF3F1F68178A009187E8 /* LamBaiViewController.swift in Sources */,
				0498CF2C1F30D8E000A51A17 /* CategoryModel.swift in Sources */,
				042CB6EF1F263FE200DCAA67 /* SWRevealCustomViewController.swift in Sources */,
				0498CF1A1F2E1E5400A51A17 /* FMDatabaseQueue.m in Sources */,
				0498CF1E1F2E1ED500A51A17 /* DatabaseService.swift in Sources */,
				0498CF171F2E1E5400A51A17 /* FMDatabase.m in Sources */,
				0498CF091F2CCB1D00A51A17 /* QuestionModel.swift in Sources */,
				042CB6F51F277E5E00DCAA67 /* QuestionViewController.swift in Sources */,
				042EAF411F702207009187E8 /* ThiThuViewController.swift in Sources */,
				042CB6FE1F2A1D4400DCAA67 /* HocLuatTableViewCell.swift in Sources */,
				0498CF181F2E1E5400A51A17 /* FMDatabaseAdditions.m in Sources */,
				042CB6D41F26384A00DCAA67 /* AppDelegate.swift in Sources */,
				0411044A1F4DC6A000887DFF /* QuestionTableViewCell.swift in Sources */,
				042CB6EA1F263AD500DCAA67 /* SWRevealViewController.m in Sources */,
				042CB6ED1F263E0500DCAA67 /* MenuBarViewController.swift in Sources */,
			);
			runOnlyForDeploymentPostprocessing = 0;
		};
/* End PBXSourcesBuildPhase section */

/* Begin PBXVariantGroup section */
		042CB6D71F26384A00DCAA67 /* Main.storyboard */ = {
			isa = PBXVariantGroup;
			children = (
				042CB6D81F26384A00DCAA67 /* Base */,
			);
			name = Main.storyboard;
			sourceTree = "<group>";
		};
		042CB6DC1F26384A00DCAA67 /* LaunchScreen.storyboard */ = {
			isa = PBXVariantGroup;
			children = (
				042CB6DD1F26384A00DCAA67 /* Base */,
			);
			name = LaunchScreen.storyboard;
			sourceTree = "<group>";
		};
/* End PBXVariantGroup section */

/* Begin XCBuildConfiguration section */
		042CB6E01F26384A00DCAA67 /* Debug */ = {
			isa = XCBuildConfiguration;
			buildSettings = {
				ALWAYS_SEARCH_USER_PATHS = NO;
				CLANG_ANALYZER_NONNULL = YES;
				CLANG_ANALYZER_NUMBER_OBJECT_CONVERSION = YES_AGGRESSIVE;
				CLANG_CXX_LANGUAGE_STANDARD = "gnu++0x";
				CLANG_CXX_LIBRARY = "libc++";
				CLANG_ENABLE_MODULES = YES;
				CLANG_ENABLE_OBJC_ARC = YES;
				CLANG_WARN_BLOCK_CAPTURE_AUTORELEASING = YES;
				CLANG_WARN_BOOL_CONVERSION = YES;
				CLANG_WARN_COMMA = YES;
				CLANG_WARN_CONSTANT_CONVERSION = YES;
				CLANG_WARN_DEPRECATED_OBJC_IMPLEMENTATIONS = YES;
				CLANG_WARN_DIRECT_OBJC_ISA_USAGE = YES_ERROR;
				CLANG_WARN_DOCUMENTATION_COMMENTS = YES;
				CLANG_WARN_EMPTY_BODY = YES;
				CLANG_WARN_ENUM_CONVERSION = YES;
				CLANG_WARN_INFINITE_RECURSION = YES;
				CLANG_WARN_INT_CONVERSION = YES;
				CLANG_WARN_NON_LITERAL_NULL_CONVERSION = YES;
				CLANG_WARN_OBJC_IMPLICIT_RETAIN_SELF = YES;
				CLANG_WARN_OBJC_LITERAL_CONVERSION = YES;
				CLANG_WARN_OBJC_ROOT_CLASS = YES_ERROR;
				CLANG_WARN_RANGE_LOOP_ANALYSIS = YES;
				CLANG_WARN_STRICT_PROTOTYPES = YES;
				CLANG_WARN_SUSPICIOUS_MOVE = YES;
				CLANG_WARN_UNREACHABLE_CODE = YES;
				CLANG_WARN__DUPLICATE_METHOD_MATCH = YES;
				"CODE_SIGN_IDENTITY[sdk=iphoneos*]" = "iPhone Developer";
				COPY_PHASE_STRIP = NO;
				DEBUG_INFORMATION_FORMAT = dwarf;
				ENABLE_STRICT_OBJC_MSGSEND = YES;
				ENABLE_TESTABILITY = YES;
				GCC_C_LANGUAGE_STANDARD = gnu99;
				GCC_DYNAMIC_NO_PIC = NO;
				GCC_NO_COMMON_BLOCKS = YES;
				GCC_OPTIMIZATION_LEVEL = 0;
				GCC_PREPROCESSOR_DEFINITIONS = (
					"DEBUG=1",
					"$(inherited)",
				);
				GCC_WARN_64_TO_32_BIT_CONVERSION = YES;
				GCC_WARN_ABOUT_RETURN_TYPE = YES_ERROR;
				GCC_WARN_UNDECLARED_SELECTOR = YES;
				GCC_WARN_UNINITIALIZED_AUTOS = YES_AGGRESSIVE;
				GCC_WARN_UNUSED_FUNCTION = YES;
				GCC_WARN_UNUSED_VARIABLE = YES;
				IPHONEOS_DEPLOYMENT_TARGET = 10.3;
				MTL_ENABLE_DEBUG_INFO = YES;
				ONLY_ACTIVE_ARCH = YES;
				SDKROOT = iphoneos;
				SWIFT_ACTIVE_COMPILATION_CONDITIONS = DEBUG;
				SWIFT_OPTIMIZATION_LEVEL = "-Onone";
				TARGETED_DEVICE_FAMILY = "1,2";
			};
			name = Debug;
		};
		042CB6E11F26384A00DCAA67 /* Release */ = {
			isa = XCBuildConfiguration;
			buildSettings = {
				ALWAYS_SEARCH_USER_PATHS = NO;
				CLANG_ANALYZER_NONNULL = YES;
				CLANG_ANALYZER_NUMBER_OBJECT_CONVERSION = YES_AGGRESSIVE;
				CLANG_CXX_LANGUAGE_STANDARD = "gnu++0x";
				CLANG_CXX_LIBRARY = "libc++";
				CLANG_ENABLE_MODULES = YES;
				CLANG_ENABLE_OBJC_ARC = YES;
				CLANG_WARN_BLOCK_CAPTURE_AUTORELEASING = YES;
				CLANG_WARN_BOOL_CONVERSION = YES;
				CLANG_WARN_COMMA = YES;
				CLANG_WARN_CONSTANT_CONVERSION = YES;
				CLANG_WARN_DEPRECATED_OBJC_IMPLEMENTATIONS = YES;
				CLANG_WARN_DIRECT_OBJC_ISA_USAGE = YES_ERROR;
				CLANG_WARN_DOCUMENTATION_COMMENTS = YES;
				CLANG_WARN_EMPTY_BODY = YES;
				CLANG_WARN_ENUM_CONVERSION = YES;
				CLANG_WARN_INFINITE_RECURSION = YES;
				CLANG_WARN_INT_CONVERSION = YES;
				CLANG_WARN_NON_LITERAL_NULL_CONVERSION = YES;
				CLANG_WARN_OBJC_IMPLICIT_RETAIN_SELF = YES;
				CLANG_WARN_OBJC_LITERAL_CONVERSION = YES;
				CLANG_WARN_OBJC_ROOT_CLASS = YES_ERROR;
				CLANG_WARN_RANGE_LOOP_ANALYSIS = YES;
				CLANG_WARN_STRICT_PROTOTYPES = YES;
				CLANG_WARN_SUSPICIOUS_MOVE = YES;
				CLANG_WARN_UNREACHABLE_CODE = YES;
				CLANG_WARN__DUPLICATE_METHOD_MATCH = YES;
				"CODE_SIGN_IDENTITY[sdk=iphoneos*]" = "iPhone Developer";
				COPY_PHASE_STRIP = NO;
				DEBUG_INFORMATION_FORMAT = "dwarf-with-dsym";
				ENABLE_NS_ASSERTIONS = NO;
				ENABLE_STRICT_OBJC_MSGSEND = YES;
				GCC_C_LANGUAGE_STANDARD = gnu99;
				GCC_NO_COMMON_BLOCKS = YES;
				GCC_WARN_64_TO_32_BIT_CONVERSION = YES;
				GCC_WARN_ABOUT_RETURN_TYPE = YES_ERROR;
				GCC_WARN_UNDECLARED_SELECTOR = YES;
				GCC_WARN_UNINITIALIZED_AUTOS = YES_AGGRESSIVE;
				GCC_WARN_UNUSED_FUNCTION = YES;
				GCC_WARN_UNUSED_VARIABLE = YES;
				IPHONEOS_DEPLOYMENT_TARGET = 10.3;
				MTL_ENABLE_DEBUG_INFO = NO;
				SDKROOT = iphoneos;
				SWIFT_OPTIMIZATION_LEVEL = "-Owholemodule";
				TARGETED_DEVICE_FAMILY = "1,2";
				VALIDATE_PRODUCT = YES;
			};
			name = Release;
		};
		042CB6E31F26384A00DCAA67 /* Debug */ = {
			isa = XCBuildConfiguration;
			buildSettings = {
				ASSETCATALOG_COMPILER_APPICON_NAME = AppIcon;
				CLANG_ENABLE_MODULES = YES;
				INFOPLIST_FILE = HLGT/Info.plist;
				LD_RUNPATH_SEARCH_PATHS = "$(inherited) @executable_path/Frameworks";
				PRODUCT_BUNDLE_IDENTIFIER = FullStackPeople.HLGT;
				PRODUCT_NAME = "$(TARGET_NAME)";
				SWIFT_OBJC_BRIDGING_HEADER = "HLGT/HLGT-Bridging-Header.h";
				SWIFT_OPTIMIZATION_LEVEL = "-Onone";
				SWIFT_SWIFT3_OBJC_INFERENCE = On;
				SWIFT_VERSION = 4.2;
			};
			name = Debug;
		};
		042CB6E41F26384A00DCAA67 /* Release */ = {
			isa = XCBuildConfiguration;
			buildSettings = {
				ASSETCATALOG_COMPILER_APPICON_NAME = AppIcon;
				CLANG_ENABLE_MODULES = YES;
				INFOPLIST_FILE = HLGT/Info.plist;
				LD_RUNPATH_SEARCH_PATHS = "$(inherited) @executable_path/Frameworks";
				PRODUCT_BUNDLE_IDENTIFIER = FullStackPeople.HLGT;
				PRODUCT_NAME = "$(TARGET_NAME)";
				SWIFT_OBJC_BRIDGING_HEADER = "HLGT/HLGT-Bridging-Header.h";
				SWIFT_SWIFT3_OBJC_INFERENCE = On;
				SWIFT_VERSION = 4.2;
			};
			name = Release;
		};
/* End XCBuildConfiguration section */

/* Begin XCConfigurationList section */
		042CB6CB1F26384A00DCAA67 /* Build configuration list for PBXProject "HLGT" */ = {
			isa = XCConfigurationList;
			buildConfigurations = (
				042CB6E01F26384A00DCAA67 /* Debug */,
				042CB6E11F26384A00DCAA67 /* Release */,
			);
			defaultConfigurationIsVisible = 0;
			defaultConfigurationName = Release;
		};
		042CB6E21F26384A00DCAA67 /* Build configuration list for PBXNativeTarget "HLGT" */ = {
			isa = XCConfigurationList;
			buildConfigurations = (
				042CB6E31F26384A00DCAA67 /* Debug */,
				042CB6E41F26384A00DCAA67 /* Release */,
			);
			defaultConfigurationIsVisible = 0;
			defaultConfigurationName = Release;
		};
/* End XCConfigurationList section */
	};
	rootObject = 042CB6C81F26384A00DCAA67 /* Project object */;
}
